
Microsoft Visual Studio Solution File, Format Version 12.00
# Visual Studio Version 16
VisualStudioVersion = 16.0.31205.134
MinimumVisualStudioVersion = 10.0.40219.1
Project("{9A19103F-16F7-4668-BE54-9A1E7A4F7556}") = "RLS.AwesomeBar.API", "RLS.AwesomeBar.API.csproj", "{C1FBD297-F24E-4268-8BEF-1ABADB0EB539}"
EndProject
Project("{FAE04EC0-301F-11D3-BF4B-00C04F79EFBC}") = "ServiceTests", "..\ServiceTests\ServiceTests.csproj", "{F5FF4B18-ED8C-44DE-A448-D7C348BB02FE}"
EndProject
Global
	GlobalSection(SolutionConfigurationPlatforms) = preSolution
		Debug|Any CPU = Debug|Any CPU
		Release|Any CPU = Release|Any CPU
	EndGlobalSection
	GlobalSection(ProjectConfigurationPlatforms) = postSolution
		{C1FBD297-F24E-4268-8BEF-1ABADB0EB539}.Debug|Any CPU.ActiveCfg = Debug|Any CPU
		{C1FBD297-F24E-4268-8BEF-1ABADB0EB539}.Debug|Any CPU.Build.0 = Debug|Any CPU
		{C1FBD297-F24E-4268-8BEF-1ABADB0EB539}.Release|Any CPU.ActiveCfg = Release|Any CPU
		{C1FBD297-F24E-4268-8BEF-1ABADB0EB539}.Release|Any CPU.Build.0 = Release|Any CPU
		{F5FF4B18-ED8C-44DE-A448-D7C348BB02FE}.Debug|Any CPU.ActiveCfg = Debug|Any CPU
		{F5FF4B18-ED8C-44DE-A448-D7C348BB02FE}.Debug|Any CPU.Build.0 = Debug|Any CPU
		{F5FF4B18-ED8C-44DE-A448-D7C348BB02FE}.Release|Any CPU.ActiveCfg = Release|Any CPU
		{F5FF4B18-ED8C-44DE-A448-D7C348BB02FE}.Release|Any CPU.Build.0 = Release|Any CPU
	EndGlobalSection
	GlobalSection(SolutionProperties) = preSolution
		HideSolutionNode = FALSE
	EndGlobalSection
	GlobalSection(ExtensibilityGlobals) = postSolution
		SolutionGuid = {18240A5C-FD75-48A1-AE34-CAAB23581A6A}
	EndGlobalSection
EndGlobal
